// !$*UTF8*$!
{
	archiveVersion = 1;
	classes = {
	};
	objectVersion = 46;
	objects = {

/* Begin PBXBuildFile section */
		06963E501C05997800D8A690 /* AppDelegate.swift in Sources */ = {isa = PBXBuildFile; fileRef = 06963E4F1C05997800D8A690 /* AppDelegate.swift */; };
		06963E531C05997800D8A690 /* DropIt.xcdatamodeld in Sources */ = {isa = PBXBuildFile; fileRef = 06963E511C05997800D8A690 /* DropIt.xcdatamodeld */; };
		06963E581C05997800D8A690 /* Main.storyboard in Resources */ = {isa = PBXBuildFile; fileRef = 06963E561C05997800D8A690 /* Main.storyboard */; };
		06963E5A1C05997800D8A690 /* Images.xcassets in Resources */ = {isa = PBXBuildFile; fileRef = 06963E591C05997800D8A690 /* Images.xcassets */; };
		06963E5D1C05997800D8A690 /* LaunchScreen.xib in Resources */ = {isa = PBXBuildFile; fileRef = 06963E5B1C05997800D8A690 /* LaunchScreen.xib */; };
		06963E691C05997800D8A690 /* DropItTests.swift in Sources */ = {isa = PBXBuildFile; fileRef = 06963E681C05997800D8A690 /* DropItTests.swift */; };
		06963E731C0599B300D8A690 /* DropItViewController.swift in Sources */ = {isa = PBXBuildFile; fileRef = 06963E721C0599B300D8A690 /* DropItViewController.swift */; };
		06963E751C05A09700D8A690 /* DropItBehavior.swift in Sources */ = {isa = PBXBuildFile; fileRef = 06963E741C05A09700D8A690 /* DropItBehavior.swift */; };
		06963E771C06D70D00D8A690 /* BezierPathsView.swift in Sources */ = {isa = PBXBuildFile; fileRef = 06963E761C06D70D00D8A690 /* BezierPathsView.swift */; };
/* End PBXBuildFile section */

/* Begin PBXContainerItemProxy section */
		06963E631C05997800D8A690 /* PBXContainerItemProxy */ = {
			isa = PBXContainerItemProxy;
			containerPortal = 06963E421C05997800D8A690 /* Project object */;
			proxyType = 1;
			remoteGlobalIDString = 06963E491C05997800D8A690;
			remoteInfo = DropIt;
		};
/* End PBXContainerItemProxy section */

/* Begin PBXFileReference section */
		06963E4A1C05997800D8A690 /* DropIt.app */ = {isa = PBXFileReference; explicitFileType = wrapper.application; includeInIndex = 0; path = DropIt.app; sourceTree = BUILT_PRODUCTS_DIR; };
		06963E4E1C05997800D8A690 /* Info.plist */ = {isa = PBXFileReference; lastKnownFileType = text.plist.xml; path = Info.plist; sourceTree = "<group>"; };
		06963E4F1C05997800D8A690 /* AppDelegate.swift */ = {isa = PBXFileReference; lastKnownFileType = sourcecode.swift; path = AppDelegate.swift; sourceTree = "<group>"; };
		06963E521C05997800D8A690 /* DropIt.xcdatamodel */ = {isa = PBXFileReference; lastKnownFileType = wrapper.xcdatamodel; path = DropIt.xcdatamodel; sourceTree = "<group>"; };
		06963E571C05997800D8A690 /* Base */ = {isa = PBXFileReference; lastKnownFileType = file.storyboard; name = Base; path = Base.lproj/Main.storyboard; sourceTree = "<group>"; };
		06963E591C05997800D8A690 /* Images.xcassets */ = {isa = PBXFileReference; lastKnownFileType = folder.assetcatalog; path = Images.xcassets; sourceTree = "<group>"; };
		06963E5C1C05997800D8A690 /* Base */ = {isa = PBXFileReference; lastKnownFileType = file.xib; name = Base; path = Base.lproj/LaunchScreen.xib; sourceTree = "<group>"; };
		06963E621C05997800D8A690 /* DropItTests.xctest */ = {isa = PBXFileReference; explicitFileType = wrapper.cfbundle; includeInIndex = 0; path = DropItTests.xctest; sourceTree = BUILT_PRODUCTS_DIR; };
		06963E671C05997800D8A690 /* Info.plist */ = {isa = PBXFileReference; lastKnownFileType = text.plist.xml; path = Info.plist; sourceTree = "<group>"; };
		06963E681C05997800D8A690 /* DropItTests.swift */ = {isa = PBXFileReference; lastKnownFileType = sourcecode.swift; path = DropItTests.swift; sourceTree = "<group>"; };
		06963E721C0599B300D8A690 /* DropItViewController.swift */ = {isa = PBXFileReference; fileEncoding = 4; lastKnownFileType = sourcecode.swift; path = DropItViewController.swift; sourceTree = "<group>"; };
		06963E741C05A09700D8A690 /* DropItBehavior.swift */ = {isa = PBXFileReference; fileEncoding = 4; lastKnownFileType = sourcecode.swift; path = DropItBehavior.swift; sourceTree = "<group>"; };
		06963E761C06D70D00D8A690 /* BezierPathsView.swift */ = {isa = PBXFileReference; fileEncoding = 4; lastKnownFileType = sourcecode.swift; path = BezierPathsView.swift; sourceTree = "<group>"; };
/* End PBXFileReference section */

/* Begin PBXFrameworksBuildPhase section */
		06963E471C05997800D8A690 /* Frameworks */ = {
			isa = PBXFrameworksBuildPhase;
			buildActionMask = 2147483647;
			files = (
			);
			runOnlyForDeploymentPostprocessing = 0;
		};
		06963E5F1C05997800D8A690 /* Frameworks */ = {
			isa = PBXFrameworksBuildPhase;
			buildActionMask = 2147483647;
			files = (
			);
			runOnlyForDeploymentPostprocessing = 0;
		};
/* End PBXFrameworksBuildPhase section */

/* Begin PBXGroup section */
		06963E411C05997800D8A690 = {
			isa = PBXGroup;
			children = (
				06963E761C06D70D00D8A690 /* BezierPathsView.swift */,
				06963E4C1C05997800D8A690 /* DropIt */,
				06963E651C05997800D8A690 /* DropItTests */,
				06963E4B1C05997800D8A690 /* Products */,
			);
			sourceTree = "<group>";
		};
		06963E4B1C05997800D8A690 /* Products */ = {
			isa = PBXGroup;
			children = (
				06963E4A1C05997800D8A690 /* DropIt.app */,
				06963E621C05997800D8A690 /* DropItTests.xctest */,
			);
			name = Products;
			sourceTree = "<group>";
		};
		06963E4C1C05997800D8A690 /* DropIt */ = {
			isa = PBXGroup;
			children = (
				06963E4F1C05997800D8A690 /* AppDelegate.swift */,
				06963E561C05997800D8A690 /* Main.storyboard */,
				06963E721C0599B300D8A690 /* DropItViewController.swift */,
				06963E741C05A09700D8A690 /* DropItBehavior.swift */,
				06963E591C05997800D8A690 /* Images.xcassets */,
				06963E5B1C05997800D8A690 /* LaunchScreen.xib */,
				06963E511C05997800D8A690 /* DropIt.xcdatamodeld */,
				06963E4D1C05997800D8A690 /* Supporting Files */,
			);
			path = DropIt;
			sourceTree = "<group>";
		};
		06963E4D1C05997800D8A690 /* Supporting Files */ = {
			isa = PBXGroup;
			children = (
				06963E4E1C05997800D8A690 /* Info.plist */,
			);
			name = "Supporting Files";
			sourceTree = "<group>";
		};
		06963E651C05997800D8A690 /* DropItTests */ = {
			isa = PBXGroup;
			children = (
				06963E681C05997800D8A690 /* DropItTests.swift */,
				06963E661C05997800D8A690 /* Supporting Files */,
			);
			path = DropItTests;
			sourceTree = "<group>";
		};
		06963E661C05997800D8A690 /* Supporting Files */ = {
			isa = PBXGroup;
			children = (
				06963E671C05997800D8A690 /* Info.plist */,
			);
			name = "Supporting Files";
			sourceTree = "<group>";
		};
/* End PBXGroup section */

/* Begin PBXNativeTarget section */
		06963E491C05997800D8A690 /* DropIt */ = {
			isa = PBXNativeTarget;
			buildConfigurationList = 06963E6C1C05997800D8A690 /* Build configuration list for PBXNativeTarget "DropIt" */;
			buildPhases = (
				06963E461C05997800D8A690 /* Sources */,
				06963E471C05997800D8A690 /* Frameworks */,
				06963E481C05997800D8A690 /* Resources */,
			);
			buildRules = (
			);
			dependencies = (
			);
			name = DropIt;
			productName = DropIt;
			productReference = 06963E4A1C05997800D8A690 /* DropIt.app */;
			productType = "com.apple.product-type.application";
		};
		06963E611C05997800D8A690 /* DropItTests */ = {
			isa = PBXNativeTarget;
			buildConfigurationList = 06963E6F1C05997800D8A690 /* Build configuration list for PBXNativeTarget "DropItTests" */;
			buildPhases = (
				06963E5E1C05997800D8A690 /* Sources */,
				06963E5F1C05997800D8A690 /* Frameworks */,
				06963E601C05997800D8A690 /* Resources */,
			);
			buildRules = (
			);
			dependencies = (
				06963E641C05997800D8A690 /* PBXTargetDependency */,
			);
			name = DropItTests;
			productName = DropItTests;
			productReference = 06963E621C05997800D8A690 /* DropItTests.xctest */;
			productType = "com.apple.product-type.bundle.unit-test";
		};
/* End PBXNativeTarget section */

/* Begin PBXProject section */
		06963E421C05997800D8A690 /* Project object */ = {
			isa = PBXProject;
			attributes = {
				LastUpgradeCheck = 0640;
				ORGANIZATIONNAME = Midori.s;
				TargetAttributes = {
					06963E491C05997800D8A690 = {
						CreatedOnToolsVersion = 6.4;
					};
					06963E611C05997800D8A690 = {
						CreatedOnToolsVersion = 6.4;
						TestTargetID = 06963E491C05997800D8A690;
					};
				};
			};
			buildConfigurationList = 06963E451C05997800D8A690 /* Build configuration list for PBXProject "DropIt" */;
			compatibilityVersion = "Xcode 3.2";
			developmentRegion = English;
			hasScannedForEncodings = 0;
			knownRegions = (
				en,
				Base,
			);
			mainGroup = 06963E411C05997800D8A690;
			productRefGroup = 06963E4B1C05997800D8A690 /* Products */;
			projectDirPath = "";
			projectRoot = "";
			targets = (
				06963E491C05997800D8A690 /* DropIt */,
				06963E611C05997800D8A690 /* DropItTests */,
			);
		};
/* End PBXProject section */

/* Begin PBXResourcesBuildPhase section */
		06963E481C05997800D8A690 /* Resources */ = {
			isa = PBXResourcesBuildPhase;
			buildActionMask = 2147483647;
			files = (
				06963E581C05997800D8A690 /* Main.storyboard in Resources */,
				06963E5D1C05997800D8A690 /* LaunchScreen.xib in Resources */,
				06963E5A1C05997800D8A690 /* Images.xcassets in Resources */,
			);
			runOnlyForDeploymentPostprocessing = 0;
		};
		06963E601C05997800D8A690 /* Resources */ = {
			isa = PBXResourcesBuildPhase;
			buildActionMask = 2147483647;
			files = (
			);
			runOnlyForDeploymentPostprocessing = 0;
		};
/* End PBXResourcesBuildPhase section */

/* Begin PBXSourcesBuildPhase section */
		06963E461C05997800D8A690 /* Sources */ = {
			isa = PBXSourcesBuildPhase;
			buildActionMask = 2147483647;
			files = (
				06963E731C0599B300D8A690 /* DropItViewController.swift in Sources */,
				06963E771C06D70D00D8A690 /* BezierPathsView.swift in Sources */,
				06963E751C05A09700D8A690 /* DropItBehavior.swift in Sources */,
				06963E501C05997800D8A690 /* AppDelegate.swift in Sources */,
				06963E531C05997800D8A690 /* DropIt.xcdatamodeld in Sources */,
			);
			runOnlyForDeploymentPostprocessing = 0;
		};
		06963E5E1C05997800D8A690 /* Sources */ = {
			isa = PBXSourcesBuildPhase;
			buildActionMask = 2147483647;
			files = (
				06963E691C05997800D8A690 /* DropItTests.swift in Sources */,
			);
			runOnlyForDeploymentPostprocessing = 0;
		};
/* End PBXSourcesBuildPhase section */

/* Begin PBXTargetDependency section */
		06963E641C05997800D8A690 /* PBXTargetDependency */ = {
			isa = PBXTargetDependency;
			target = 06963E491C05997800D8A690 /* DropIt */;
			targetProxy = 06963E631C05997800D8A690 /* PBXContainerItemProxy */;
		};
/* End PBXTargetDependency section */

/* Begin PBXVariantGroup section */
		06963E561C05997800D8A690 /* Main.storyboard */ = {
			isa = PBXVariantGroup;
			children = (
				06963E571C05997800D8A690 /* Base */,
			);
			name = Main.storyboard;
			sourceTree = "<group>";
		};
		06963E5B1C05997800D8A690 /* LaunchScreen.xib */ = {
			isa = PBXVariantGroup;
			children = (
				06963E5C1C05997800D8A690 /* Base */,
			);
			name = LaunchScreen.xib;
			sourceTree = "<group>";
		};
/* End PBXVariantGroup section */

/* Begin XCBuildConfiguration section */
		06963E6A1C05997800D8A690 /* Debug */ = {
			isa = XCBuildConfiguration;
			buildSettings = {
				ALWAYS_SEARCH_USER_PATHS = NO;
				CLANG_CXX_LANGUAGE_STANDARD = "gnu++0x";
				CLANG_CXX_LIBRARY = "libc++";
				CLANG_ENABLE_MODULES = YES;
				CLANG_ENABLE_OBJC_ARC = YES;
				CLANG_WARN_BOOL_CONVERSION = YES;
				CLANG_WARN_CONSTANT_CONVERSION = YES;
				CLANG_WARN_DIRECT_OBJC_ISA_USAGE = YES_ERROR;
				CLANG_WARN_EMPTY_BODY = YES;
				CLANG_WARN_ENUM_CONVERSION = YES;
				CLANG_WARN_INT_CONVERSION = YES;
				CLANG_WARN_OBJC_ROOT_CLASS = YES_ERROR;
				CLANG_WARN_UNREACHABLE_CODE = YES;
				CLANG_WARN__DUPLICATE_METHOD_MATCH = YES;
				"CODE_SIGN_IDENTITY[sdk=iphoneos*]" = "iPhone Developer";
				COPY_PHASE_STRIP = NO;
				DEBUG_INFORMATION_FORMAT = "dwarf-with-dsym";
				ENABLE_STRICT_OBJC_MSGSEND = YES;
				GCC_C_LANGUAGE_STANDARD = gnu99;
				GCC_DYNAMIC_NO_PIC = NO;
				GCC_NO_COMMON_BLOCKS = YES;
				GCC_OPTIMIZATION_LEVEL = 0;
				GCC_PREPROCESSOR_DEFINITIONS = (
					"DEBUG=1",
					"$(inherited)",
				);
				GCC_SYMBOLS_PRIVATE_EXTERN = NO;
				GCC_WARN_64_TO_32_BIT_CONVERSION = YES;
				GCC_WARN_ABOUT_RETURN_TYPE = YES_ERROR;
				GCC_WARN_UNDECLARED_SELECTOR = YES;
				GCC_WARN_UNINITIALIZED_AUTOS = YES_AGGRESSIVE;
				GCC_WARN_UNUSED_FUNCTION = YES;
				GCC_WARN_UNUSED_VARIABLE = YES;
				IPHONEOS_DEPLOYMENT_TARGET = 8.4;
				MTL_ENABLE_DEBUG_INFO = YES;
				ONLY_ACTIVE_ARCH = YES;
				SDKROOT = iphoneos;
				SWIFT_OPTIMIZATION_LEVEL = "-Onone";
				TARGETED_DEVICE_FAMILY = "1,2";
			};
			name = Debug;
		};
		06963E6B1C05997800D8A690 /* Release */ = {
			isa = XCBuildConfiguration;
			buildSettings = {
				ALWAYS_SEARCH_USER_PATHS = NO;
				CLANG_CXX_LANGUAGE_STANDARD = "gnu++0x";
				CLANG_CXX_LIBRARY = "libc++";
				CLANG_ENABLE_MODULES = YES;
				CLANG_ENABLE_OBJC_ARC = YES;
				CLANG_WARN_BOOL_CONVERSION = YES;
				CLANG_WARN_CONSTANT_CONVERSION = YES;
				CLANG_WARN_DIRECT_OBJC_ISA_USAGE = YES_ERROR;
				CLANG_WARN_EMPTY_BODY = YES;
				CLANG_WARN_ENUM_CONVERSION = YES;
				CLANG_WARN_INT_CONVERSION = YES;
				CLANG_WARN_OBJC_ROOT_CLASS = YES_ERROR;
				CLANG_WARN_UNREACHABLE_CODE = YES;
				CLANG_WARN__DUPLICATE_METHOD_MATCH = YES;
				"CODE_SIGN_IDENTITY[sdk=iphoneos*]" = "iPhone Developer";
				COPY_PHASE_STRIP = NO;
				DEBUG_INFORMATION_FORMAT = "dwarf-with-dsym";
				ENABLE_NS_ASSERTIONS = NO;
				ENABLE_STRICT_OBJC_MSGSEND = YES;
				GCC_C_LANGUAGE_STANDARD = gnu99;
				GCC_NO_COMMON_BLOCKS = YES;
				GCC_WARN_64_TO_32_BIT_CONVERSION = YES;
				GCC_WARN_ABOUT_RETURN_TYPE = YES_ERROR;
				GCC_WARN_UNDECLARED_SELECTOR = YES;
				GCC_WARN_UNINITIALIZED_AUTOS = YES_AGGRESSIVE;
				GCC_WARN_UNUSED_FUNCTION = YES;
				GCC_WARN_UNUSED_VARIABLE = YES;
				IPHONEOS_DEPLOYMENT_TARGET = 8.4;
				MTL_ENABLE_DEBUG_INFO = NO;
				SDKROOT = iphoneos;
				TARGETED_DEVICE_FAMILY = "1,2";
				VALIDATE_PRODUCT = YES;
			};
			name = Release;
		};
		06963E6D1C05997800D8A690 /* Debug */ = {
			isa = XCBuildConfiguration;
			buildSettings = {
				ASSETCATALOG_COMPILER_APPICON_NAME = AppIcon;
				INFOPLIST_FILE = DropIt/Info.plist;
				LD_RUNPATH_SEARCH_PATHS = "$(inherited) @executable_path/Frameworks";
				PRODUCT_NAME = "$(TARGET_NAME)";
			};
			name = Debug;
		};
		06963E6E1C05997800D8A690 /* Release */ = {
			isa = XCBuildConfiguration;
			buildSettings = {
				ASSETCATALOG_COMPILER_APPICON_NAME = AppIcon;
				INFOPLIST_FILE = DropIt/Info.plist;
				LD_RUNPATH_SEARCH_PATHS = "$(inherited) @executable_path/Frameworks";
				PRODUCT_NAME = "$(TARGET_NAME)";
			};
			name = Release;
		};
		06963E701C05997800D8A690 /* Debug */ = {
			isa = XCBuildConfiguration;
			buildSettings = {
				BUNDLE_LOADER = "$(TEST_HOST)";
				FRAMEWORK_SEARCH_PATHS = (
					"$(SDKROOT)/Developer/Library/Frameworks",
					"$(inherited)",
				);
				GCC_PREPROCESSOR_DEFINITIONS = (
					"DEBUG=1",
					"$(inherited)",
				);
				INFOPLIST_FILE = DropItTests/Info.plist;
				LD_RUNPATH_SEARCH_PATHS = "$(inherited) @executable_path/Frameworks @loader_path/Frameworks";
				PRODUCT_NAME = "$(TARGET_NAME)";
				TEST_HOST = "$(BUILT_PRODUCTS_DIR)/DropIt.app/DropIt";
			};
			name = Debug;
		};
		06963E711C05997800D8A690 /* Release */ = {
			isa = XCBuildConfiguration;
			buildSettings = {
				BUNDLE_LOADER = "$(TEST_HOST)";
				FRAMEWORK_SEARCH_PATHS = (
					"$(SDKROOT)/Developer/Library/Frameworks",
					"$(inherited)",
				);
				INFOPLIST_FILE = DropItTests/Info.plist;
				LD_RUNPATH_SEARCH_PATHS = "$(inherited) @executable_path/Frameworks @loader_path/Frameworks";
				PRODUCT_NAME = "$(TARGET_NAME)";
				TEST_HOST = "$(BUILT_PRODUCTS_DIR)/DropIt.app/DropIt";
			};
			name = Release;
		};
/* End XCBuildConfiguration section */

/* Begin XCConfigurationList section */
		06963E451C05997800D8A690 /* Build configuration list for PBXProject "DropIt" */ = {
			isa = XCConfigurationList;
			buildConfigurations = (
				06963E6A1C05997800D8A690 /* Debug */,
				06963E6B1C05997800D8A690 /* Release */,
			);
			defaultConfigurationIsVisible = 0;
			defaultConfigurationName = Release;
		};
		06963E6C1C05997800D8A690 /* Build configuration list for PBXNativeTarget "DropIt" */ = {
			isa = XCConfigurationList;
			buildConfigurations = (
				06963E6D1C05997800D8A690 /* Debug */,
				06963E6E1C05997800D8A690 /* Release */,
			);
			defaultConfigurationIsVisible = 0;
		};
		06963E6F1C05997800D8A690 /* Build configuration list for PBXNativeTarget "DropItTests" */ = {
			isa = XCConfigurationList;
			buildConfigurations = (
				06963E701C05997800D8A690 /* Debug */,
				06963E711C05997800D8A690 /* Release */,
			);
			defaultConfigurationIsVisible = 0;
		};
/* End XCConfigurationList section */

/* Begin XCVersionGroup section */
		06963E511C05997800D8A690 /* DropIt.xcdatamodeld */ = {
			isa = XCVersionGroup;
			children = (
				06963E521C05997800D8A690 /* DropIt.xcdatamodel */,
			);
			currentVersion = 06963E521C05997800D8A690 /* DropIt.xcdatamodel */;
			path = DropIt.xcdatamodeld;
			sourceTree = "<group>";
			versionGroupType = wrapper.xcdatamodel;
		};
/* End XCVersionGroup section */
	};
	rootObject = 06963E421C05997800D8A690 /* Project object */;
}
